
Microsoft Visual Studio Solution File, Format Version 12.00
# Visual Studio Version 17
VisualStudioVersion = 17.1.32210.238
MinimumVisualStudioVersion = 10.0.40219.1
Project("{9A19103F-16F7-4668-BE54-9A1E7A4F7556}") = "SiteManagement.Application", "SiteManagement.Application\SiteManagement.Application.csproj", "{5AF17B9A-5088-47E0-A773-672AD4173810}"
EndProject
Project("{FAE04EC0-301F-11D3-BF4B-00C04F79EFBC}") = "SiteManagement.Domain", "SiteManagement.Domain\SiteManagement.Domain.csproj", "{F543D3F7-D0C3-42CA-A66E-FA3C9514543C}"
EndProject
Project("{FAE04EC0-301F-11D3-BF4B-00C04F79EFBC}") = "SiteManagement.Infrastructure", "SiteManagement.Infrastructure\SiteManagement.Infrastructure.csproj", "{CE1F59AE-0700-4823-B120-ADDFA6E7E553}"
EndProject
Project("{FAE04EC0-301F-11D3-BF4B-00C04F79EFBC}") = "SiteManagement.API", "SiteManagement.API\SiteManagement.API.csproj", "{BA480BC1-40A7-437A-86C8-998F733727B3}"
EndProject
Global
	GlobalSection(SolutionConfigurationPlatforms) = preSolution
		Debug|Any CPU = Debug|Any CPU
		Release|Any CPU = Release|Any CPU
	EndGlobalSection
	GlobalSection(ProjectConfigurationPlatforms) = postSolution
		{5AF17B9A-5088-47E0-A773-672AD4173810}.Debug|Any CPU.ActiveCfg = Debug|Any CPU
		{5AF17B9A-5088-47E0-A773-672AD4173810}.Debug|Any CPU.Build.0 = Debug|Any CPU
		{5AF17B9A-5088-47E0-A773-672AD4173810}.Release|Any CPU.ActiveCfg = Release|Any CPU
		{5AF17B9A-5088-47E0-A773-672AD4173810}.Release|Any CPU.Build.0 = Release|Any CPU
		{F543D3F7-D0C3-42CA-A66E-FA3C9514543C}.Debug|Any CPU.ActiveCfg = Debug|Any CPU
		{F543D3F7-D0C3-42CA-A66E-FA3C9514543C}.Debug|Any CPU.Build.0 = Debug|Any CPU
		{F543D3F7-D0C3-42CA-A66E-FA3C9514543C}.Release|Any CPU.ActiveCfg = Release|Any CPU
		{F543D3F7-D0C3-42CA-A66E-FA3C9514543C}.Release|Any CPU.Build.0 = Release|Any CPU
		{CE1F59AE-0700-4823-B120-ADDFA6E7E553}.Debug|Any CPU.ActiveCfg = Debug|Any CPU
		{CE1F59AE-0700-4823-B120-ADDFA6E7E553}.Debug|Any CPU.Build.0 = Debug|Any CPU
		{CE1F59AE-0700-4823-B120-ADDFA6E7E553}.Release|Any CPU.ActiveCfg = Release|Any CPU
		{CE1F59AE-0700-4823-B120-ADDFA6E7E553}.Release|Any CPU.Build.0 = Release|Any CPU
		{BA480BC1-40A7-437A-86C8-998F733727B3}.Debug|Any CPU.ActiveCfg = Debug|Any CPU
		{BA480BC1-40A7-437A-86C8-998F733727B3}.Debug|Any CPU.Build.0 = Debug|Any CPU
		{BA480BC1-40A7-437A-86C8-998F733727B3}.Release|Any CPU.ActiveCfg = Release|Any CPU
		{BA480BC1-40A7-437A-86C8-998F733727B3}.Release|Any CPU.Build.0 = Release|Any CPU
	EndGlobalSection
	GlobalSection(SolutionProperties) = preSolution
		HideSolutionNode = FALSE
	EndGlobalSection
	GlobalSection(ExtensibilityGlobals) = postSolution
		SolutionGuid = {6AEE21C0-F409-4326-B2C8-65BDE64F4B1F}
	EndGlobalSection
EndGlobal
